// !$*UTF8*$!
{
	archiveVersion = 1;
	classes = {
	};
	objectVersion = 46;
	objects = {

/* Begin PBXBuildFile section */
		2C274CD01CC9B13D00A25A52 /* FontMetrics.swift in Sources */ = {isa = PBXBuildFile; fileRef = 2C274CCF1CC9B13D00A25A52 /* FontMetrics.swift */; };
		2C274CD21CC9B7B700A25A52 /* TextAttributes.swift in Sources */ = {isa = PBXBuildFile; fileRef = 2C274CD11CC9B7B700A25A52 /* TextAttributes.swift */; };
		2C2AD3241CCC67F600FD0F7B /* MetricLabel.swift in Sources */ = {isa = PBXBuildFile; fileRef = 2C2AD3231CCC67F600FD0F7B /* MetricLabel.swift */; };
		2C2AD3261CCC698A00FD0F7B /* TextInfo.swift in Sources */ = {isa = PBXBuildFile; fileRef = 2C2AD3251CCC698A00FD0F7B /* TextInfo.swift */; };
		2CFBC83B1CC9B0AA0078B01C /* AppDelegate.swift in Sources */ = {isa = PBXBuildFile; fileRef = 2CFBC83A1CC9B0AA0078B01C /* AppDelegate.swift */; };
		2CFBC83D1CC9B0AA0078B01C /* ViewController.swift in Sources */ = {isa = PBXBuildFile; fileRef = 2CFBC83C1CC9B0AA0078B01C /* ViewController.swift */; };
		2CFBC8401CC9B0AA0078B01C /* Main.storyboard in Resources */ = {isa = PBXBuildFile; fileRef = 2CFBC83E1CC9B0AA0078B01C /* Main.storyboard */; };
		2CFBC8421CC9B0AA0078B01C /* Assets.xcassets in Resources */ = {isa = PBXBuildFile; fileRef = 2CFBC8411CC9B0AA0078B01C /* Assets.xcassets */; };
		2CFBC8451CC9B0AA0078B01C /* LaunchScreen.storyboard in Resources */ = {isa = PBXBuildFile; fileRef = 2CFBC8431CC9B0AA0078B01C /* LaunchScreen.storyboard */; };
		2CFBC8501CC9B0AB0078B01C /* FontPreviewTests.swift in Sources */ = {isa = PBXBuildFile; fileRef = 2CFBC84F1CC9B0AB0078B01C /* FontPreviewTests.swift */; };
		2CFBC85B1CC9B0AB0078B01C /* FontPreviewUITests.swift in Sources */ = {isa = PBXBuildFile; fileRef = 2CFBC85A1CC9B0AB0078B01C /* FontPreviewUITests.swift */; };
/* End PBXBuildFile section */

/* Begin PBXContainerItemProxy section */
		2CFBC84C1CC9B0AB0078B01C /* PBXContainerItemProxy */ = {
			isa = PBXContainerItemProxy;
			containerPortal = 2CFBC82F1CC9B0AA0078B01C /* Project object */;
			proxyType = 1;
			remoteGlobalIDString = 2CFBC8361CC9B0AA0078B01C;
			remoteInfo = FontPreview;
		};
		2CFBC8571CC9B0AB0078B01C /* PBXContainerItemProxy */ = {
			isa = PBXContainerItemProxy;
			containerPortal = 2CFBC82F1CC9B0AA0078B01C /* Project object */;
			proxyType = 1;
			remoteGlobalIDString = 2CFBC8361CC9B0AA0078B01C;
			remoteInfo = FontPreview;
		};
/* End PBXContainerItemProxy section */

/* Begin PBXFileReference section */
		2C274CCF1CC9B13D00A25A52 /* FontMetrics.swift */ = {isa = PBXFileReference; fileEncoding = 4; lastKnownFileType = sourcecode.swift; path = FontMetrics.swift; sourceTree = "<group>"; };
		2C274CD11CC9B7B700A25A52 /* TextAttributes.swift */ = {isa = PBXFileReference; fileEncoding = 4; lastKnownFileType = sourcecode.swift; path = TextAttributes.swift; sourceTree = "<group>"; };
		2C2AD3231CCC67F600FD0F7B /* MetricLabel.swift */ = {isa = PBXFileReference; fileEncoding = 4; lastKnownFileType = sourcecode.swift; path = MetricLabel.swift; sourceTree = "<group>"; };
		2C2AD3251CCC698A00FD0F7B /* TextInfo.swift */ = {isa = PBXFileReference; fileEncoding = 4; lastKnownFileType = sourcecode.swift; path = TextInfo.swift; sourceTree = "<group>"; };
		2CFBC8371CC9B0AA0078B01C /* FontPreview.app */ = {isa = PBXFileReference; explicitFileType = wrapper.application; includeInIndex = 0; path = FontPreview.app; sourceTree = BUILT_PRODUCTS_DIR; };
		2CFBC83A1CC9B0AA0078B01C /* AppDelegate.swift */ = {isa = PBXFileReference; lastKnownFileType = sourcecode.swift; path = AppDelegate.swift; sourceTree = "<group>"; };
		2CFBC83C1CC9B0AA0078B01C /* ViewController.swift */ = {isa = PBXFileReference; lastKnownFileType = sourcecode.swift; path = ViewController.swift; sourceTree = "<group>"; };
		2CFBC83F1CC9B0AA0078B01C /* Base */ = {isa = PBXFileReference; lastKnownFileType = file.storyboard; name = Base; path = Base.lproj/Main.storyboard; sourceTree = "<group>"; };
		2CFBC8411CC9B0AA0078B01C /* Assets.xcassets */ = {isa = PBXFileReference; lastKnownFileType = folder.assetcatalog; path = Assets.xcassets; sourceTree = "<group>"; };
		2CFBC8441CC9B0AA0078B01C /* Base */ = {isa = PBXFileReference; lastKnownFileType = file.storyboard; name = Base; path = Base.lproj/LaunchScreen.storyboard; sourceTree = "<group>"; };
		2CFBC8461CC9B0AA0078B01C /* Info.plist */ = {isa = PBXFileReference; lastKnownFileType = text.plist.xml; path = Info.plist; sourceTree = "<group>"; };
		2CFBC84B1CC9B0AB0078B01C /* FontPreviewTests.xctest */ = {isa = PBXFileReference; explicitFileType = wrapper.cfbundle; includeInIndex = 0; path = FontPreviewTests.xctest; sourceTree = BUILT_PRODUCTS_DIR; };
		2CFBC84F1CC9B0AB0078B01C /* FontPreviewTests.swift */ = {isa = PBXFileReference; lastKnownFileType = sourcecode.swift; path = FontPreviewTests.swift; sourceTree = "<group>"; };
		2CFBC8511CC9B0AB0078B01C /* Info.plist */ = {isa = PBXFileReference; lastKnownFileType = text.plist.xml; path = Info.plist; sourceTree = "<group>"; };
		2CFBC8561CC9B0AB0078B01C /* FontPreviewUITests.xctest */ = {isa = PBXFileReference; explicitFileType = wrapper.cfbundle; includeInIndex = 0; path = FontPreviewUITests.xctest; sourceTree = BUILT_PRODUCTS_DIR; };
		2CFBC85A1CC9B0AB0078B01C /* FontPreviewUITests.swift */ = {isa = PBXFileReference; lastKnownFileType = sourcecode.swift; path = FontPreviewUITests.swift; sourceTree = "<group>"; };
		2CFBC85C1CC9B0AB0078B01C /* Info.plist */ = {isa = PBXFileReference; lastKnownFileType = text.plist.xml; path = Info.plist; sourceTree = "<group>"; };
/* End PBXFileReference section */

/* Begin PBXFrameworksBuildPhase section */
		2CFBC8341CC9B0AA0078B01C /* Frameworks */ = {
			isa = PBXFrameworksBuildPhase;
			buildActionMask = 2147483647;
			files = (
			);
			runOnlyForDeploymentPostprocessing = 0;
		};
		2CFBC8481CC9B0AB0078B01C /* Frameworks */ = {
			isa = PBXFrameworksBuildPhase;
			buildActionMask = 2147483647;
			files = (
			);
			runOnlyForDeploymentPostprocessing = 0;
		};
		2CFBC8531CC9B0AB0078B01C /* Frameworks */ = {
			isa = PBXFrameworksBuildPhase;
			buildActionMask = 2147483647;
			files = (
			);
			runOnlyForDeploymentPostprocessing = 0;
		};
/* End PBXFrameworksBuildPhase section */

/* Begin PBXGroup section */
		2CFBC82E1CC9B0AA0078B01C = {
			isa = PBXGroup;
			children = (
				2CFBC8391CC9B0AA0078B01C /* FontPreview */,
				2CFBC84E1CC9B0AB0078B01C /* FontPreviewTests */,
				2CFBC8591CC9B0AB0078B01C /* FontPreviewUITests */,
				2CFBC8381CC9B0AA0078B01C /* Products */,
			);
			sourceTree = "<group>";
		};
		2CFBC8381CC9B0AA0078B01C /* Products */ = {
			isa = PBXGroup;
			children = (
				2CFBC8371CC9B0AA0078B01C /* FontPreview.app */,
				2CFBC84B1CC9B0AB0078B01C /* FontPreviewTests.xctest */,
				2CFBC8561CC9B0AB0078B01C /* FontPreviewUITests.xctest */,
			);
			name = Products;
			sourceTree = "<group>";
		};
		2CFBC8391CC9B0AA0078B01C /* FontPreview */ = {
			isa = PBXGroup;
			children = (
				2C274CD11CC9B7B700A25A52 /* TextAttributes.swift */,
				2C274CCF1CC9B13D00A25A52 /* FontMetrics.swift */,
				2C2AD3251CCC698A00FD0F7B /* TextInfo.swift */,
				2C2AD3231CCC67F600FD0F7B /* MetricLabel.swift */,
				2CFBC83C1CC9B0AA0078B01C /* ViewController.swift */,
				2CFBC83A1CC9B0AA0078B01C /* AppDelegate.swift */,
				2CFBC83E1CC9B0AA0078B01C /* Main.storyboard */,
				2CFBC8411CC9B0AA0078B01C /* Assets.xcassets */,
				2CFBC8431CC9B0AA0078B01C /* LaunchScreen.storyboard */,
				2CFBC8461CC9B0AA0078B01C /* Info.plist */,
			);
			path = FontPreview;
			sourceTree = "<group>";
		};
		2CFBC84E1CC9B0AB0078B01C /* FontPreviewTests */ = {
			isa = PBXGroup;
			children = (
				2CFBC84F1CC9B0AB0078B01C /* FontPreviewTests.swift */,
				2CFBC8511CC9B0AB0078B01C /* Info.plist */,
			);
			path = FontPreviewTests;
			sourceTree = "<group>";
		};
		2CFBC8591CC9B0AB0078B01C /* FontPreviewUITests */ = {
			isa = PBXGroup;
			children = (
				2CFBC85A1CC9B0AB0078B01C /* FontPreviewUITests.swift */,
				2CFBC85C1CC9B0AB0078B01C /* Info.plist */,
			);
			path = FontPreviewUITests;
			sourceTree = "<group>";
		};
/* End PBXGroup section */

/* Begin PBXNativeTarget section */
		2CFBC8361CC9B0AA0078B01C /* FontPreview */ = {
			isa = PBXNativeTarget;
			buildConfigurationList = 2CFBC85F1CC9B0AB0078B01C /* Build configuration list for PBXNativeTarget "FontPreview" */;
			buildPhases = (
				2CFBC8331CC9B0AA0078B01C /* Sources */,
				2CFBC8341CC9B0AA0078B01C /* Frameworks */,
				2CFBC8351CC9B0AA0078B01C /* Resources */,
			);
			buildRules = (
			);
			dependencies = (
			);
			name = FontPreview;
			productName = FontPreview;
			productReference = 2CFBC8371CC9B0AA0078B01C /* FontPreview.app */;
			productType = "com.apple.product-type.application";
		};
		2CFBC84A1CC9B0AB0078B01C /* FontPreviewTests */ = {
			isa = PBXNativeTarget;
			buildConfigurationList = 2CFBC8621CC9B0AB0078B01C /* Build configuration list for PBXNativeTarget "FontPreviewTests" */;
			buildPhases = (
				2CFBC8471CC9B0AB0078B01C /* Sources */,
				2CFBC8481CC9B0AB0078B01C /* Frameworks */,
				2CFBC8491CC9B0AB0078B01C /* Resources */,
			);
			buildRules = (
			);
			dependencies = (
				2CFBC84D1CC9B0AB0078B01C /* PBXTargetDependency */,
			);
			name = FontPreviewTests;
			productName = FontPreviewTests;
			productReference = 2CFBC84B1CC9B0AB0078B01C /* FontPreviewTests.xctest */;
			productType = "com.apple.product-type.bundle.unit-test";
		};
		2CFBC8551CC9B0AB0078B01C /* FontPreviewUITests */ = {
			isa = PBXNativeTarget;
			buildConfigurationList = 2CFBC8651CC9B0AB0078B01C /* Build configuration list for PBXNativeTarget "FontPreviewUITests" */;
			buildPhases = (
				2CFBC8521CC9B0AB0078B01C /* Sources */,
				2CFBC8531CC9B0AB0078B01C /* Frameworks */,
				2CFBC8541CC9B0AB0078B01C /* Resources */,
			);
			buildRules = (
			);
			dependencies = (
				2CFBC8581CC9B0AB0078B01C /* PBXTargetDependency */,
			);
			name = FontPreviewUITests;
			productName = FontPreviewUITests;
			productReference = 2CFBC8561CC9B0AB0078B01C /* FontPreviewUITests.xctest */;
			productType = "com.apple.product-type.bundle.ui-testing";
		};
/* End PBXNativeTarget section */

/* Begin PBXProject section */
		2CFBC82F1CC9B0AA0078B01C /* Project object */ = {
			isa = PBXProject;
			attributes = {
				LastSwiftUpdateCheck = 0730;
				LastUpgradeCheck = 0730;
				ORGANIZATIONNAME = Emiaostein;
				TargetAttributes = {
					2CFBC8361CC9B0AA0078B01C = {
						CreatedOnToolsVersion = 7.3;
					};
					2CFBC84A1CC9B0AB0078B01C = {
						CreatedOnToolsVersion = 7.3;
						TestTargetID = 2CFBC8361CC9B0AA0078B01C;
					};
					2CFBC8551CC9B0AB0078B01C = {
						CreatedOnToolsVersion = 7.3;
						TestTargetID = 2CFBC8361CC9B0AA0078B01C;
					};
				};
			};
			buildConfigurationList = 2CFBC8321CC9B0AA0078B01C /* Build configuration list for PBXProject "FontPreview" */;
			compatibilityVersion = "Xcode 3.2";
			developmentRegion = English;
			hasScannedForEncodings = 0;
			knownRegions = (
				en,
				Base,
			);
			mainGroup = 2CFBC82E1CC9B0AA0078B01C;
			productRefGroup = 2CFBC8381CC9B0AA0078B01C /* Products */;
			projectDirPath = "";
			projectRoot = "";
			targets = (
				2CFBC8361CC9B0AA0078B01C /* FontPreview */,
				2CFBC84A1CC9B0AB0078B01C /* FontPreviewTests */,
				2CFBC8551CC9B0AB0078B01C /* FontPreviewUITests */,
			);
		};
/* End PBXProject section */

/* Begin PBXResourcesBuildPhase section */
		2CFBC8351CC9B0AA0078B01C /* Resources */ = {
			isa = PBXResourcesBuildPhase;
			buildActionMask = 2147483647;
			files = (
				2CFBC8451CC9B0AA0078B01C /* LaunchScreen.storyboard in Resources */,
				2CFBC8421CC9B0AA0078B01C /* Assets.xcassets in Resources */,
				2CFBC8401CC9B0AA0078B01C /* Main.storyboard in Resources */,
			);
			runOnlyForDeploymentPostprocessing = 0;
		};
		2CFBC8491CC9B0AB0078B01C /* Resources */ = {
			isa = PBXResourcesBuildPhase;
			buildActionMask = 2147483647;
			files = (
			);
			runOnlyForDeploymentPostprocessing = 0;
		};
		2CFBC8541CC9B0AB0078B01C /* Resources */ = {
			isa = PBXResourcesBuildPhase;
			buildActionMask = 2147483647;
			files = (
			);
			runOnlyForDeploymentPostprocessing = 0;
		};
/* End PBXResourcesBuildPhase section */

/* Begin PBXSourcesBuildPhase section */
		2CFBC8331CC9B0AA0078B01C /* Sources */ = {
			isa = PBXSourcesBuildPhase;
			buildActionMask = 2147483647;
			files = (
				2C2AD3241CCC67F600FD0F7B /* MetricLabel.swift in Sources */,
				2C274CD01CC9B13D00A25A52 /* FontMetrics.swift in Sources */,
				2C274CD21CC9B7B700A25A52 /* TextAttributes.swift in Sources */,
				2CFBC83D1CC9B0AA0078B01C /* ViewController.swift in Sources */,
				2C2AD3261CCC698A00FD0F7B /* TextInfo.swift in Sources */,
				2CFBC83B1CC9B0AA0078B01C /* AppDelegate.swift in Sources */,
			);
			runOnlyForDeploymentPostprocessing = 0;
		};
		2CFBC8471CC9B0AB0078B01C /* Sources */ = {
			isa = PBXSourcesBuildPhase;
			buildActionMask = 2147483647;
			files = (
				2CFBC8501CC9B0AB0078B01C /* FontPreviewTests.swift in Sources */,
			);
			runOnlyForDeploymentPostprocessing = 0;
		};
		2CFBC8521CC9B0AB0078B01C /* Sources */ = {
			isa = PBXSourcesBuildPhase;
			buildActionMask = 2147483647;
			files = (
				2CFBC85B1CC9B0AB0078B01C /* FontPreviewUITests.swift in Sources */,
			);
			runOnlyForDeploymentPostprocessing = 0;
		};
/* End PBXSourcesBuildPhase section */

/* Begin PBXTargetDependency section */
		2CFBC84D1CC9B0AB0078B01C /* PBXTargetDependency */ = {
			isa = PBXTargetDependency;
			target = 2CFBC8361CC9B0AA0078B01C /* FontPreview */;
			targetProxy = 2CFBC84C1CC9B0AB0078B01C /* PBXContainerItemProxy */;
		};
		2CFBC8581CC9B0AB0078B01C /* PBXTargetDependency */ = {
			isa = PBXTargetDependency;
			target = 2CFBC8361CC9B0AA0078B01C /* FontPreview */;
			targetProxy = 2CFBC8571CC9B0AB0078B01C /* PBXContainerItemProxy */;
		};
/* End PBXTargetDependency section */

/* Begin PBXVariantGroup section */
		2CFBC83E1CC9B0AA0078B01C /* Main.storyboard */ = {
			isa = PBXVariantGroup;
			children = (
				2CFBC83F1CC9B0AA0078B01C /* Base */,
			);
			name = Main.storyboard;
			sourceTree = "<group>";
		};
		2CFBC8431CC9B0AA0078B01C /* LaunchScreen.storyboard */ = {
			isa = PBXVariantGroup;
			children = (
				2CFBC8441CC9B0AA0078B01C /* Base */,
			);
			name = LaunchScreen.storyboard;
			sourceTree = "<group>";
		};
/* End PBXVariantGroup section */

/* Begin XCBuildConfiguration section */
		2CFBC85D1CC9B0AB0078B01C /* Debug */ = {
			isa = XCBuildConfiguration;
			buildSettings = {
				ALWAYS_SEARCH_USER_PATHS = NO;
				CLANG_ANALYZER_NONNULL = YES;
				CLANG_CXX_LANGUAGE_STANDARD = "gnu++0x";
				CLANG_CXX_LIBRARY = "libc++";
				CLANG_ENABLE_MODULES = YES;
				CLANG_ENABLE_OBJC_ARC = YES;
				CLANG_WARN_BOOL_CONVERSION = YES;
				CLANG_WARN_CONSTANT_CONVERSION = YES;
				CLANG_WARN_DIRECT_OBJC_ISA_USAGE = YES_ERROR;
				CLANG_WARN_EMPTY_BODY = YES;
				CLANG_WARN_ENUM_CONVERSION = YES;
				CLANG_WARN_INT_CONVERSION = YES;
				CLANG_WARN_OBJC_ROOT_CLASS = YES_ERROR;
				CLANG_WARN_UNREACHABLE_CODE = YES;
				CLANG_WARN__DUPLICATE_METHOD_MATCH = YES;
				"CODE_SIGN_IDENTITY[sdk=iphoneos*]" = "iPhone Developer";
				COPY_PHASE_STRIP = NO;
				DEBUG_INFORMATION_FORMAT = dwarf;
				ENABLE_STRICT_OBJC_MSGSEND = YES;
				ENABLE_TESTABILITY = YES;
				GCC_C_LANGUAGE_STANDARD = gnu99;
				GCC_DYNAMIC_NO_PIC = NO;
				GCC_NO_COMMON_BLOCKS = YES;
				GCC_OPTIMIZATION_LEVEL = 0;
				GCC_PREPROCESSOR_DEFINITIONS = (
					"DEBUG=1",
					"$(inherited)",
				);
				GCC_WARN_64_TO_32_BIT_CONVERSION = YES;
				GCC_WARN_ABOUT_RETURN_TYPE = YES_ERROR;
				GCC_WARN_UNDECLARED_SELECTOR = YES;
				GCC_WARN_UNINITIALIZED_AUTOS = YES_AGGRESSIVE;
				GCC_WARN_UNUSED_FUNCTION = YES;
				GCC_WARN_UNUSED_VARIABLE = YES;
				IPHONEOS_DEPLOYMENT_TARGET = 9.3;
				MTL_ENABLE_DEBUG_INFO = YES;
				ONLY_ACTIVE_ARCH = YES;
				SDKROOT = iphoneos;
				SWIFT_OPTIMIZATION_LEVEL = "-Onone";
			};
			name = Debug;
		};
		2CFBC85E1CC9B0AB0078B01C /* Release */ = {
			isa = XCBuildConfiguration;
			buildSettings = {
				ALWAYS_SEARCH_USER_PATHS = NO;
				CLANG_ANALYZER_NONNULL = YES;
				CLANG_CXX_LANGUAGE_STANDARD = "gnu++0x";
				CLANG_CXX_LIBRARY = "libc++";
				CLANG_ENABLE_MODULES = YES;
				CLANG_ENABLE_OBJC_ARC = YES;
				CLANG_WARN_BOOL_CONVERSION = YES;
				CLANG_WARN_CONSTANT_CONVERSION = YES;
				CLANG_WARN_DIRECT_OBJC_ISA_USAGE = YES_ERROR;
				CLANG_WARN_EMPTY_BODY = YES;
				CLANG_WARN_ENUM_CONVERSION = YES;
				CLANG_WARN_INT_CONVERSION = YES;
				CLANG_WARN_OBJC_ROOT_CLASS = YES_ERROR;
				CLANG_WARN_UNREACHABLE_CODE = YES;
				CLANG_WARN__DUPLICATE_METHOD_MATCH = YES;
				"CODE_SIGN_IDENTITY[sdk=iphoneos*]" = "iPhone Developer";
				COPY_PHASE_STRIP = NO;
				DEBUG_INFORMATION_FORMAT = "dwarf-with-dsym";
				ENABLE_NS_ASSERTIONS = NO;
				ENABLE_STRICT_OBJC_MSGSEND = YES;
				GCC_C_LANGUAGE_STANDARD = gnu99;
				GCC_NO_COMMON_BLOCKS = YES;
				GCC_WARN_64_TO_32_BIT_CONVERSION = YES;
				GCC_WARN_ABOUT_RETURN_TYPE = YES_ERROR;
				GCC_WARN_UNDECLARED_SELECTOR = YES;
				GCC_WARN_UNINITIALIZED_AUTOS = YES_AGGRESSIVE;
				GCC_WARN_UNUSED_FUNCTION = YES;
				GCC_WARN_UNUSED_VARIABLE = YES;
				IPHONEOS_DEPLOYMENT_TARGET = 9.3;
				MTL_ENABLE_DEBUG_INFO = NO;
				SDKROOT = iphoneos;
				VALIDATE_PRODUCT = YES;
			};
			name = Release;
		};
		2CFBC8601CC9B0AB0078B01C /* Debug */ = {
			isa = XCBuildConfiguration;
			buildSettings = {
				ASSETCATALOG_COMPILER_APPICON_NAME = AppIcon;
				INFOPLIST_FILE = FontPreview/Info.plist;
				LD_RUNPATH_SEARCH_PATHS = "$(inherited) @executable_path/Frameworks";
				PRODUCT_BUNDLE_IDENTIFIER = com.botai.FontPreview;
				PRODUCT_NAME = "$(TARGET_NAME)";
			};
			name = Debug;
		};
		2CFBC8611CC9B0AB0078B01C /* Release */ = {
			isa = XCBuildConfiguration;
			buildSettings = {
				ASSETCATALOG_COMPILER_APPICON_NAME = AppIcon;
				INFOPLIST_FILE = FontPreview/Info.plist;
				LD_RUNPATH_SEARCH_PATHS = "$(inherited) @executable_path/Frameworks";
				PRODUCT_BUNDLE_IDENTIFIER = com.botai.FontPreview;
				PRODUCT_NAME = "$(TARGET_NAME)";
			};
			name = Release;
		};
		2CFBC8631CC9B0AB0078B01C /* Debug */ = {
			isa = XCBuildConfiguration;
			buildSettings = {
				BUNDLE_LOADER = "$(TEST_HOST)";
				INFOPLIST_FILE = FontPreviewTests/Info.plist;
				LD_RUNPATH_SEARCH_PATHS = "$(inherited) @executable_path/Frameworks @loader_path/Frameworks";
				PRODUCT_BUNDLE_IDENTIFIER = com.botai.FontPreviewTests;
				PRODUCT_NAME = "$(TARGET_NAME)";
				TEST_HOST = "$(BUILT_PRODUCTS_DIR)/FontPreview.app/FontPreview";
			};
			name = Debug;
		};
		2CFBC8641CC9B0AB0078B01C /* Release */ = {
			isa = XCBuildConfiguration;
			buildSettings = {
				BUNDLE_LOADER = "$(TEST_HOST)";
				INFOPLIST_FILE = FontPreviewTests/Info.plist;
				LD_RUNPATH_SEARCH_PATHS = "$(inherited) @executable_path/Frameworks @loader_path/Frameworks";
				PRODUCT_BUNDLE_IDENTIFIER = com.botai.FontPreviewTests;
				PRODUCT_NAME = "$(TARGET_NAME)";
				TEST_HOST = "$(BUILT_PRODUCTS_DIR)/FontPreview.app/FontPreview";
			};
			name = Release;
		};
		2CFBC8661CC9B0AB0078B01C /* Debug */ = {
			isa = XCBuildConfiguration;
			buildSettings = {
				INFOPLIST_FILE = FontPreviewUITests/Info.plist;
				LD_RUNPATH_SEARCH_PATHS = "$(inherited) @executable_path/Frameworks @loader_path/Frameworks";
				PRODUCT_BUNDLE_IDENTIFIER = com.botai.FontPreviewUITests;
				PRODUCT_NAME = "$(TARGET_NAME)";
				TEST_TARGET_NAME = FontPreview;
			};
			name = Debug;
		};
		2CFBC8671CC9B0AB0078B01C /* Release */ = {
			isa = XCBuildConfiguration;
			buildSettings = {
				INFOPLIST_FILE = FontPreviewUITests/Info.plist;
				LD_RUNPATH_SEARCH_PATHS = "$(inherited) @executable_path/Frameworks @loader_path/Frameworks";
				PRODUCT_BUNDLE_IDENTIFIER = com.botai.FontPreviewUITests;
				PRODUCT_NAME = "$(TARGET_NAME)";
				TEST_TARGET_NAME = FontPreview;
			};
			name = Release;
		};
/* End XCBuildConfiguration section */

/* Begin XCConfigurationList section */
		2CFBC8321CC9B0AA0078B01C /* Build configuration list for PBXProject "FontPreview" */ = {
			isa = XCConfigurationList;
			buildConfigurations = (
				2CFBC85D1CC9B0AB0078B01C /* Debug */,
				2CFBC85E1CC9B0AB0078B01C /* Release */,
			);
			defaultConfigurationIsVisible = 0;
			defaultConfigurationName = Release;
		};
		2CFBC85F1CC9B0AB0078B01C /* Build configuration list for PBXNativeTarget "FontPreview" */ = {
			isa = XCConfigurationList;
			buildConfigurations = (
				2CFBC8601CC9B0AB0078B01C /* Debug */,
				2CFBC8611CC9B0AB0078B01C /* Release */,
			);
			defaultConfigurationIsVisible = 0;
			defaultConfigurationName = Release;
		};
		2CFBC8621CC9B0AB0078B01C /* Build configuration list for PBXNativeTarget "FontPreviewTests" */ = {
			isa = XCConfigurationList;
			buildConfigurations = (
				2CFBC8631CC9B0AB0078B01C /* Debug */,
				2CFBC8641CC9B0AB0078B01C /* Release */,
			);
			defaultConfigurationIsVisible = 0;
			defaultConfigurationName = Release;
		};
		2CFBC8651CC9B0AB0078B01C /* Build configuration list for PBXNativeTarget "FontPreviewUITests" */ = {
			isa = XCConfigurationList;
			buildConfigurations = (
				2CFBC8661CC9B0AB0078B01C /* Debug */,
				2CFBC8671CC9B0AB0078B01C /* Release */,
			);
			defaultConfigurationIsVisible = 0;
			defaultConfigurationName = Release;
		};
/* End XCConfigurationList section */
	};
	rootObject = 2CFBC82F1CC9B0AA0078B01C /* Project object */;
}
